
Microsoft Visual Studio Solution File, Format Version 15.00
# Visual Studio 2017
Project("{FAE04EC0-301F-11D3-BF4B-00C04F79EFBC}") = "ActionFramework.Agent", "ActionFramework.Agent\ActionFramework.Agent.csproj", "{71D8860B-DA84-46C5-AC4F-F58C9FD54737}"
EndProject
Project("{FAE04EC0-301F-11D3-BF4B-00C04F79EFBC}") = "ActionFramework.Core", "ActionFramework.Core\ActionFramework.Core.csproj", "{A681FBEC-6A6D-4D3A-9831-2DD3268B7B8F}"
EndProject
Project("{FAE04EC0-301F-11D3-BF4B-00C04F79EFBC}") = "HelloWorld", "Apps\HelloWorld\HelloWorld.csproj", "{AE69EAEC-54C3-4BD7-AD5E-537D90152FBB}"
EndProject
Global
	GlobalSection(SolutionConfigurationPlatforms) = preSolution
		Debug|Any CPU = Debug|Any CPU
		Release|Any CPU = Release|Any CPU
	EndGlobalSection
	GlobalSection(ProjectConfigurationPlatforms) = postSolution
		{71D8860B-DA84-46C5-AC4F-F58C9FD54737}.Debug|Any CPU.ActiveCfg = Debug|Any CPU
		{71D8860B-DA84-46C5-AC4F-F58C9FD54737}.Debug|Any CPU.Build.0 = Debug|Any CPU
		{71D8860B-DA84-46C5-AC4F-F58C9FD54737}.Release|Any CPU.ActiveCfg = Release|Any CPU
		{71D8860B-DA84-46C5-AC4F-F58C9FD54737}.Release|Any CPU.Build.0 = Release|Any CPU
		{A681FBEC-6A6D-4D3A-9831-2DD3268B7B8F}.Debug|Any CPU.ActiveCfg = Debug|Any CPU
		{A681FBEC-6A6D-4D3A-9831-2DD3268B7B8F}.Debug|Any CPU.Build.0 = Debug|Any CPU
		{A681FBEC-6A6D-4D3A-9831-2DD3268B7B8F}.Release|Any CPU.ActiveCfg = Release|Any CPU
		{A681FBEC-6A6D-4D3A-9831-2DD3268B7B8F}.Release|Any CPU.Build.0 = Release|Any CPU
		{AE69EAEC-54C3-4BD7-AD5E-537D90152FBB}.Debug|Any CPU.ActiveCfg = Debug|Any CPU
		{AE69EAEC-54C3-4BD7-AD5E-537D90152FBB}.Debug|Any CPU.Build.0 = Debug|Any CPU
		{AE69EAEC-54C3-4BD7-AD5E-537D90152FBB}.Release|Any CPU.ActiveCfg = Release|Any CPU
		{AE69EAEC-54C3-4BD7-AD5E-537D90152FBB}.Release|Any CPU.Build.0 = Release|Any CPU
	EndGlobalSection
EndGlobal
