Microsoft Visual Studio Solution File, Format Version 12.00
# Visual Studio Version 16
VisualStudioVersion = 16.0.28803.202
MinimumVisualStudioVersion = 10.0.40219.1
Project("{2150E333-8FDC-42A3-9474-1A3956D46DE8}") = "apps", "apps", "{09E95D32-C3D6-4CB2-B233-42F931747FF7}"
EndProject
Project("{9A19103F-16F7-4668-BE54-9A1E7A4F7556}") = "ActionFramework", "ActionFramework\ActionFramework.csproj", "{5D1DB761-127A-40BD-ABB9-2FD1188AEA40}"
EndProject
Project("{9A19103F-16F7-4668-BE54-9A1E7A4F7556}") = "ActionFramework.Helpers.Data", "ActionFramework.Helpers.Data\ActionFramework.Helpers.Data.csproj", "{B371819B-E5B4-4626-9CEC-B4A686CE29BC}"
EndProject
Project("{FAE04EC0-301F-11D3-BF4B-00C04F79EFBC}") = "ActionFramework.Agent", "ActionFramework.Agent\ActionFramework.Agent.csproj", "{2A12D537-6979-48BE-9797-6AA95CDFFFC9}"
EndProject
Project("{2150E333-8FDC-42A3-9474-1A3956D46DE8}") = "libs", "libs", "{E9C90E70-E88A-4329-8F76-F262B6BC60A7}"
EndProject
Project("{FAE04EC0-301F-11D3-BF4B-00C04F79EFBC}") = "LLT.Sense.Decoder", "..\llt.sense\LLT.Sense.Decoder\LLT.Sense.Decoder.csproj", "{54748C34-2E75-44B4-96DB-300B3EBFE45A}"
EndProject
Project("{FAE04EC0-301F-11D3-BF4B-00C04F79EFBC}") = "IPOnly", "..\llt.sense\LLT.Sense.Apps\IPOnly\IPOnly.csproj", "{5B75E53D-59AD-4F3E-AD41-EE60BC29B8D7}"
EndProject
Project("{FAE04EC0-301F-11D3-BF4B-00C04F79EFBC}") = "Talkpool", "..\llt.sense\LLT.Sense.Apps\Talkpool\Talkpool.csproj", "{1B961FEE-694C-44CA-AD68-5437CDD2EE8B}"
EndProject
Project("{FAE04EC0-301F-11D3-BF4B-00C04F79EFBC}") = "Netmore", "..\llt.sense\LLT.Sense.Apps\Netmore\Netmore.csproj", "{D5FA36D0-1C6B-407C-B8DF-D3BAAE6A3395}"
EndProject
Project("{FAE04EC0-301F-11D3-BF4B-00C04F79EFBC}") = "Search", "..\llt.sense\LLT.Sense.Apps\Search\Search.csproj", "{A2B60C8F-CCDD-471D-9E3F-D2899689A2AB}"
EndProject
Project("{FAE04EC0-301F-11D3-BF4B-00C04F79EFBC}") = "Ingest", "..\llt.sense\LLT.Sense.Apps\Ingest\Ingest.csproj", "{3CEFE8E4-3273-4239-820C-53E599AEA0FD}"
EndProject
Global
	GlobalSection(SolutionConfigurationPlatforms) = preSolution
		Debug|Any CPU = Debug|Any CPU
		Debug|x64 = Debug|x64
		Debug|x86 = Debug|x86
		Release|Any CPU = Release|Any CPU
		Release|x64 = Release|x64
		Release|x86 = Release|x86
		Test|Any CPU = Test|Any CPU
		Test|x64 = Test|x64
		Test|x86 = Test|x86
	EndGlobalSection
	GlobalSection(ProjectConfigurationPlatforms) = postSolution
		{5D1DB761-127A-40BD-ABB9-2FD1188AEA40}.Debug|Any CPU.ActiveCfg = Debug|Any CPU
		{5D1DB761-127A-40BD-ABB9-2FD1188AEA40}.Debug|Any CPU.Build.0 = Debug|Any CPU
		{5D1DB761-127A-40BD-ABB9-2FD1188AEA40}.Debug|x64.ActiveCfg = Debug|x64
		{5D1DB761-127A-40BD-ABB9-2FD1188AEA40}.Debug|x64.Build.0 = Debug|x64
		{5D1DB761-127A-40BD-ABB9-2FD1188AEA40}.Debug|x86.ActiveCfg = Debug|x86
		{5D1DB761-127A-40BD-ABB9-2FD1188AEA40}.Debug|x86.Build.0 = Debug|x86
		{5D1DB761-127A-40BD-ABB9-2FD1188AEA40}.Release|Any CPU.ActiveCfg = Release|Any CPU
		{5D1DB761-127A-40BD-ABB9-2FD1188AEA40}.Release|Any CPU.Build.0 = Release|Any CPU
		{5D1DB761-127A-40BD-ABB9-2FD1188AEA40}.Release|x64.ActiveCfg = Release|x64
		{5D1DB761-127A-40BD-ABB9-2FD1188AEA40}.Release|x64.Build.0 = Release|x64
		{5D1DB761-127A-40BD-ABB9-2FD1188AEA40}.Release|x86.ActiveCfg = Release|x86
		{5D1DB761-127A-40BD-ABB9-2FD1188AEA40}.Release|x86.Build.0 = Release|x86
		{5D1DB761-127A-40BD-ABB9-2FD1188AEA40}.Test|Any CPU.ActiveCfg = Debug|Any CPU
		{5D1DB761-127A-40BD-ABB9-2FD1188AEA40}.Test|Any CPU.Build.0 = Debug|Any CPU
		{5D1DB761-127A-40BD-ABB9-2FD1188AEA40}.Test|x64.ActiveCfg = Release|x64
		{5D1DB761-127A-40BD-ABB9-2FD1188AEA40}.Test|x64.Build.0 = Release|x64
		{5D1DB761-127A-40BD-ABB9-2FD1188AEA40}.Test|x86.ActiveCfg = Release|x86
		{5D1DB761-127A-40BD-ABB9-2FD1188AEA40}.Test|x86.Build.0 = Release|x86
		{B371819B-E5B4-4626-9CEC-B4A686CE29BC}.Debug|Any CPU.ActiveCfg = Debug|Any CPU
		{B371819B-E5B4-4626-9CEC-B4A686CE29BC}.Debug|Any CPU.Build.0 = Debug|Any CPU
		{B371819B-E5B4-4626-9CEC-B4A686CE29BC}.Debug|x64.ActiveCfg = Debug|Any CPU
		{B371819B-E5B4-4626-9CEC-B4A686CE29BC}.Debug|x64.Build.0 = Debug|Any CPU
		{B371819B-E5B4-4626-9CEC-B4A686CE29BC}.Debug|x86.ActiveCfg = Debug|Any CPU
		{B371819B-E5B4-4626-9CEC-B4A686CE29BC}.Debug|x86.Build.0 = Debug|Any CPU
		{B371819B-E5B4-4626-9CEC-B4A686CE29BC}.Release|Any CPU.ActiveCfg = Release|Any CPU
		{B371819B-E5B4-4626-9CEC-B4A686CE29BC}.Release|Any CPU.Build.0 = Release|Any CPU
		{B371819B-E5B4-4626-9CEC-B4A686CE29BC}.Release|x64.ActiveCfg = Release|Any CPU
		{B371819B-E5B4-4626-9CEC-B4A686CE29BC}.Release|x64.Build.0 = Release|Any CPU
		{B371819B-E5B4-4626-9CEC-B4A686CE29BC}.Release|x86.ActiveCfg = Release|Any CPU
		{B371819B-E5B4-4626-9CEC-B4A686CE29BC}.Release|x86.Build.0 = Release|Any CPU
		{B371819B-E5B4-4626-9CEC-B4A686CE29BC}.Test|Any CPU.ActiveCfg = Debug|Any CPU
		{B371819B-E5B4-4626-9CEC-B4A686CE29BC}.Test|Any CPU.Build.0 = Debug|Any CPU
		{B371819B-E5B4-4626-9CEC-B4A686CE29BC}.Test|x64.ActiveCfg = Release|Any CPU
		{B371819B-E5B4-4626-9CEC-B4A686CE29BC}.Test|x64.Build.0 = Release|Any CPU
		{B371819B-E5B4-4626-9CEC-B4A686CE29BC}.Test|x86.ActiveCfg = Release|Any CPU
		{B371819B-E5B4-4626-9CEC-B4A686CE29BC}.Test|x86.Build.0 = Release|Any CPU
		{2A12D537-6979-48BE-9797-6AA95CDFFFC9}.Debug|Any CPU.ActiveCfg = Debug|Any CPU
		{2A12D537-6979-48BE-9797-6AA95CDFFFC9}.Debug|Any CPU.Build.0 = Debug|Any CPU
		{2A12D537-6979-48BE-9797-6AA95CDFFFC9}.Debug|x64.ActiveCfg = Debug|Any CPU
		{2A12D537-6979-48BE-9797-6AA95CDFFFC9}.Debug|x64.Build.0 = Debug|Any CPU
		{2A12D537-6979-48BE-9797-6AA95CDFFFC9}.Debug|x86.ActiveCfg = Debug|Any CPU
		{2A12D537-6979-48BE-9797-6AA95CDFFFC9}.Debug|x86.Build.0 = Debug|Any CPU
		{2A12D537-6979-48BE-9797-6AA95CDFFFC9}.Release|Any CPU.ActiveCfg = Release|Any CPU
		{2A12D537-6979-48BE-9797-6AA95CDFFFC9}.Release|Any CPU.Build.0 = Release|Any CPU
		{2A12D537-6979-48BE-9797-6AA95CDFFFC9}.Release|x64.ActiveCfg = Release|Any CPU
		{2A12D537-6979-48BE-9797-6AA95CDFFFC9}.Release|x64.Build.0 = Release|Any CPU
		{2A12D537-6979-48BE-9797-6AA95CDFFFC9}.Release|x86.ActiveCfg = Release|Any CPU
		{2A12D537-6979-48BE-9797-6AA95CDFFFC9}.Release|x86.Build.0 = Release|Any CPU
		{2A12D537-6979-48BE-9797-6AA95CDFFFC9}.Test|Any CPU.ActiveCfg = Debug|Any CPU
		{2A12D537-6979-48BE-9797-6AA95CDFFFC9}.Test|Any CPU.Build.0 = Debug|Any CPU
		{2A12D537-6979-48BE-9797-6AA95CDFFFC9}.Test|x64.ActiveCfg = Debug|Any CPU
		{2A12D537-6979-48BE-9797-6AA95CDFFFC9}.Test|x64.Build.0 = Debug|Any CPU
		{2A12D537-6979-48BE-9797-6AA95CDFFFC9}.Test|x86.ActiveCfg = Debug|Any CPU
		{2A12D537-6979-48BE-9797-6AA95CDFFFC9}.Test|x86.Build.0 = Debug|Any CPU
		{54748C34-2E75-44B4-96DB-300B3EBFE45A}.Debug|Any CPU.ActiveCfg = Debug|Any CPU
		{54748C34-2E75-44B4-96DB-300B3EBFE45A}.Debug|Any CPU.Build.0 = Debug|Any CPU
		{54748C34-2E75-44B4-96DB-300B3EBFE45A}.Debug|x64.ActiveCfg = Debug|Any CPU
		{54748C34-2E75-44B4-96DB-300B3EBFE45A}.Debug|x64.Build.0 = Debug|Any CPU
		{54748C34-2E75-44B4-96DB-300B3EBFE45A}.Debug|x86.ActiveCfg = Debug|Any CPU
		{54748C34-2E75-44B4-96DB-300B3EBFE45A}.Debug|x86.Build.0 = Debug|Any CPU
		{54748C34-2E75-44B4-96DB-300B3EBFE45A}.Release|Any CPU.ActiveCfg = Release|Any CPU
		{54748C34-2E75-44B4-96DB-300B3EBFE45A}.Release|Any CPU.Build.0 = Release|Any CPU
		{54748C34-2E75-44B4-96DB-300B3EBFE45A}.Release|x64.ActiveCfg = Release|Any CPU
		{54748C34-2E75-44B4-96DB-300B3EBFE45A}.Release|x64.Build.0 = Release|Any CPU
		{54748C34-2E75-44B4-96DB-300B3EBFE45A}.Release|x86.ActiveCfg = Release|Any CPU
		{54748C34-2E75-44B4-96DB-300B3EBFE45A}.Release|x86.Build.0 = Release|Any CPU
		{54748C34-2E75-44B4-96DB-300B3EBFE45A}.Test|Any CPU.ActiveCfg = Debug|Any CPU
		{54748C34-2E75-44B4-96DB-300B3EBFE45A}.Test|Any CPU.Build.0 = Debug|Any CPU
		{54748C34-2E75-44B4-96DB-300B3EBFE45A}.Test|x64.ActiveCfg = Debug|Any CPU
		{54748C34-2E75-44B4-96DB-300B3EBFE45A}.Test|x64.Build.0 = Debug|Any CPU
		{54748C34-2E75-44B4-96DB-300B3EBFE45A}.Test|x86.ActiveCfg = Debug|Any CPU
		{54748C34-2E75-44B4-96DB-300B3EBFE45A}.Test|x86.Build.0 = Debug|Any CPU
		{5B75E53D-59AD-4F3E-AD41-EE60BC29B8D7}.Debug|Any CPU.ActiveCfg = Debug|Any CPU
		{5B75E53D-59AD-4F3E-AD41-EE60BC29B8D7}.Debug|Any CPU.Build.0 = Debug|Any CPU
		{5B75E53D-59AD-4F3E-AD41-EE60BC29B8D7}.Debug|x64.ActiveCfg = Debug|Any CPU
		{5B75E53D-59AD-4F3E-AD41-EE60BC29B8D7}.Debug|x64.Build.0 = Debug|Any CPU
		{5B75E53D-59AD-4F3E-AD41-EE60BC29B8D7}.Debug|x86.ActiveCfg = Debug|Any CPU
		{5B75E53D-59AD-4F3E-AD41-EE60BC29B8D7}.Debug|x86.Build.0 = Debug|Any CPU
		{5B75E53D-59AD-4F3E-AD41-EE60BC29B8D7}.Release|Any CPU.ActiveCfg = Release|Any CPU
		{5B75E53D-59AD-4F3E-AD41-EE60BC29B8D7}.Release|Any CPU.Build.0 = Release|Any CPU
		{5B75E53D-59AD-4F3E-AD41-EE60BC29B8D7}.Release|x64.ActiveCfg = Release|Any CPU
		{5B75E53D-59AD-4F3E-AD41-EE60BC29B8D7}.Release|x64.Build.0 = Release|Any CPU
		{5B75E53D-59AD-4F3E-AD41-EE60BC29B8D7}.Release|x86.ActiveCfg = Release|Any CPU
		{5B75E53D-59AD-4F3E-AD41-EE60BC29B8D7}.Release|x86.Build.0 = Release|Any CPU
		{5B75E53D-59AD-4F3E-AD41-EE60BC29B8D7}.Test|Any CPU.ActiveCfg = Debug|Any CPU
		{5B75E53D-59AD-4F3E-AD41-EE60BC29B8D7}.Test|Any CPU.Build.0 = Debug|Any CPU
		{5B75E53D-59AD-4F3E-AD41-EE60BC29B8D7}.Test|x64.ActiveCfg = Debug|Any CPU
		{5B75E53D-59AD-4F3E-AD41-EE60BC29B8D7}.Test|x64.Build.0 = Debug|Any CPU
		{5B75E53D-59AD-4F3E-AD41-EE60BC29B8D7}.Test|x86.ActiveCfg = Debug|Any CPU
		{5B75E53D-59AD-4F3E-AD41-EE60BC29B8D7}.Test|x86.Build.0 = Debug|Any CPU
		{1B961FEE-694C-44CA-AD68-5437CDD2EE8B}.Debug|Any CPU.ActiveCfg = Debug|Any CPU
		{1B961FEE-694C-44CA-AD68-5437CDD2EE8B}.Debug|Any CPU.Build.0 = Debug|Any CPU
		{1B961FEE-694C-44CA-AD68-5437CDD2EE8B}.Debug|x64.ActiveCfg = Debug|Any CPU
		{1B961FEE-694C-44CA-AD68-5437CDD2EE8B}.Debug|x64.Build.0 = Debug|Any CPU
		{1B961FEE-694C-44CA-AD68-5437CDD2EE8B}.Debug|x86.ActiveCfg = Debug|Any CPU
		{1B961FEE-694C-44CA-AD68-5437CDD2EE8B}.Debug|x86.Build.0 = Debug|Any CPU
		{1B961FEE-694C-44CA-AD68-5437CDD2EE8B}.Release|Any CPU.ActiveCfg = Release|Any CPU
		{1B961FEE-694C-44CA-AD68-5437CDD2EE8B}.Release|Any CPU.Build.0 = Release|Any CPU
		{1B961FEE-694C-44CA-AD68-5437CDD2EE8B}.Release|x64.ActiveCfg = Release|Any CPU
		{1B961FEE-694C-44CA-AD68-5437CDD2EE8B}.Release|x64.Build.0 = Release|Any CPU
		{1B961FEE-694C-44CA-AD68-5437CDD2EE8B}.Release|x86.ActiveCfg = Release|Any CPU
		{1B961FEE-694C-44CA-AD68-5437CDD2EE8B}.Release|x86.Build.0 = Release|Any CPU
		{1B961FEE-694C-44CA-AD68-5437CDD2EE8B}.Test|Any CPU.ActiveCfg = Debug|Any CPU
		{1B961FEE-694C-44CA-AD68-5437CDD2EE8B}.Test|Any CPU.Build.0 = Debug|Any CPU
		{1B961FEE-694C-44CA-AD68-5437CDD2EE8B}.Test|x64.ActiveCfg = Debug|Any CPU
		{1B961FEE-694C-44CA-AD68-5437CDD2EE8B}.Test|x64.Build.0 = Debug|Any CPU
		{1B961FEE-694C-44CA-AD68-5437CDD2EE8B}.Test|x86.ActiveCfg = Debug|Any CPU
		{1B961FEE-694C-44CA-AD68-5437CDD2EE8B}.Test|x86.Build.0 = Debug|Any CPU
		{D5FA36D0-1C6B-407C-B8DF-D3BAAE6A3395}.Debug|Any CPU.ActiveCfg = Debug|Any CPU
		{D5FA36D0-1C6B-407C-B8DF-D3BAAE6A3395}.Debug|Any CPU.Build.0 = Debug|Any CPU
		{D5FA36D0-1C6B-407C-B8DF-D3BAAE6A3395}.Debug|x64.ActiveCfg = Debug|Any CPU
		{D5FA36D0-1C6B-407C-B8DF-D3BAAE6A3395}.Debug|x64.Build.0 = Debug|Any CPU
		{D5FA36D0-1C6B-407C-B8DF-D3BAAE6A3395}.Debug|x86.ActiveCfg = Debug|Any CPU
		{D5FA36D0-1C6B-407C-B8DF-D3BAAE6A3395}.Debug|x86.Build.0 = Debug|Any CPU
		{D5FA36D0-1C6B-407C-B8DF-D3BAAE6A3395}.Release|Any CPU.ActiveCfg = Release|Any CPU
		{D5FA36D0-1C6B-407C-B8DF-D3BAAE6A3395}.Release|Any CPU.Build.0 = Release|Any CPU
		{D5FA36D0-1C6B-407C-B8DF-D3BAAE6A3395}.Release|x64.ActiveCfg = Release|Any CPU
		{D5FA36D0-1C6B-407C-B8DF-D3BAAE6A3395}.Release|x64.Build.0 = Release|Any CPU
		{D5FA36D0-1C6B-407C-B8DF-D3BAAE6A3395}.Release|x86.ActiveCfg = Release|Any CPU
		{D5FA36D0-1C6B-407C-B8DF-D3BAAE6A3395}.Release|x86.Build.0 = Release|Any CPU
		{D5FA36D0-1C6B-407C-B8DF-D3BAAE6A3395}.Test|Any CPU.ActiveCfg = Debug|Any CPU
		{D5FA36D0-1C6B-407C-B8DF-D3BAAE6A3395}.Test|Any CPU.Build.0 = Debug|Any CPU
		{D5FA36D0-1C6B-407C-B8DF-D3BAAE6A3395}.Test|x64.ActiveCfg = Debug|Any CPU
		{D5FA36D0-1C6B-407C-B8DF-D3BAAE6A3395}.Test|x64.Build.0 = Debug|Any CPU
		{D5FA36D0-1C6B-407C-B8DF-D3BAAE6A3395}.Test|x86.ActiveCfg = Debug|Any CPU
		{D5FA36D0-1C6B-407C-B8DF-D3BAAE6A3395}.Test|x86.Build.0 = Debug|Any CPU
		{A2B60C8F-CCDD-471D-9E3F-D2899689A2AB}.Debug|Any CPU.ActiveCfg = Debug|Any CPU
		{A2B60C8F-CCDD-471D-9E3F-D2899689A2AB}.Debug|Any CPU.Build.0 = Debug|Any CPU
		{A2B60C8F-CCDD-471D-9E3F-D2899689A2AB}.Debug|x64.ActiveCfg = Debug|Any CPU
		{A2B60C8F-CCDD-471D-9E3F-D2899689A2AB}.Debug|x64.Build.0 = Debug|Any CPU
		{A2B60C8F-CCDD-471D-9E3F-D2899689A2AB}.Debug|x86.ActiveCfg = Debug|Any CPU
		{A2B60C8F-CCDD-471D-9E3F-D2899689A2AB}.Debug|x86.Build.0 = Debug|Any CPU
		{A2B60C8F-CCDD-471D-9E3F-D2899689A2AB}.Release|Any CPU.ActiveCfg = Release|Any CPU
		{A2B60C8F-CCDD-471D-9E3F-D2899689A2AB}.Release|Any CPU.Build.0 = Release|Any CPU
		{A2B60C8F-CCDD-471D-9E3F-D2899689A2AB}.Release|x64.ActiveCfg = Release|Any CPU
		{A2B60C8F-CCDD-471D-9E3F-D2899689A2AB}.Release|x64.Build.0 = Release|Any CPU
		{A2B60C8F-CCDD-471D-9E3F-D2899689A2AB}.Release|x86.ActiveCfg = Release|Any CPU
		{A2B60C8F-CCDD-471D-9E3F-D2899689A2AB}.Release|x86.Build.0 = Release|Any CPU
		{A2B60C8F-CCDD-471D-9E3F-D2899689A2AB}.Test|Any CPU.ActiveCfg = Debug|Any CPU
		{A2B60C8F-CCDD-471D-9E3F-D2899689A2AB}.Test|Any CPU.Build.0 = Debug|Any CPU
		{A2B60C8F-CCDD-471D-9E3F-D2899689A2AB}.Test|x64.ActiveCfg = Debug|Any CPU
		{A2B60C8F-CCDD-471D-9E3F-D2899689A2AB}.Test|x64.Build.0 = Debug|Any CPU
		{A2B60C8F-CCDD-471D-9E3F-D2899689A2AB}.Test|x86.ActiveCfg = Debug|Any CPU
		{A2B60C8F-CCDD-471D-9E3F-D2899689A2AB}.Test|x86.Build.0 = Debug|Any CPU
		{3CEFE8E4-3273-4239-820C-53E599AEA0FD}.Debug|Any CPU.ActiveCfg = Debug|Any CPU
		{3CEFE8E4-3273-4239-820C-53E599AEA0FD}.Debug|Any CPU.Build.0 = Debug|Any CPU
		{3CEFE8E4-3273-4239-820C-53E599AEA0FD}.Debug|x64.ActiveCfg = Debug|Any CPU
		{3CEFE8E4-3273-4239-820C-53E599AEA0FD}.Debug|x64.Build.0 = Debug|Any CPU
		{3CEFE8E4-3273-4239-820C-53E599AEA0FD}.Debug|x86.ActiveCfg = Debug|Any CPU
		{3CEFE8E4-3273-4239-820C-53E599AEA0FD}.Debug|x86.Build.0 = Debug|Any CPU
		{3CEFE8E4-3273-4239-820C-53E599AEA0FD}.Release|Any CPU.ActiveCfg = Release|Any CPU
		{3CEFE8E4-3273-4239-820C-53E599AEA0FD}.Release|Any CPU.Build.0 = Release|Any CPU
		{3CEFE8E4-3273-4239-820C-53E599AEA0FD}.Release|x64.ActiveCfg = Release|Any CPU
		{3CEFE8E4-3273-4239-820C-53E599AEA0FD}.Release|x64.Build.0 = Release|Any CPU
		{3CEFE8E4-3273-4239-820C-53E599AEA0FD}.Release|x86.ActiveCfg = Release|Any CPU
		{3CEFE8E4-3273-4239-820C-53E599AEA0FD}.Release|x86.Build.0 = Release|Any CPU
		{3CEFE8E4-3273-4239-820C-53E599AEA0FD}.Test|Any CPU.ActiveCfg = Debug|Any CPU
		{3CEFE8E4-3273-4239-820C-53E599AEA0FD}.Test|Any CPU.Build.0 = Debug|Any CPU
		{3CEFE8E4-3273-4239-820C-53E599AEA0FD}.Test|x64.ActiveCfg = Debug|Any CPU
		{3CEFE8E4-3273-4239-820C-53E599AEA0FD}.Test|x64.Build.0 = Debug|Any CPU
		{3CEFE8E4-3273-4239-820C-53E599AEA0FD}.Test|x86.ActiveCfg = Debug|Any CPU
		{3CEFE8E4-3273-4239-820C-53E599AEA0FD}.Test|x86.Build.0 = Debug|Any CPU
	EndGlobalSection
	GlobalSection(SolutionProperties) = preSolution
		HideSolutionNode = FALSE
	EndGlobalSection
	GlobalSection(NestedProjects) = preSolution
		{54748C34-2E75-44B4-96DB-300B3EBFE45A} = {09E95D32-C3D6-4CB2-B233-42F931747FF7}
		{5B75E53D-59AD-4F3E-AD41-EE60BC29B8D7} = {09E95D32-C3D6-4CB2-B233-42F931747FF7}
		{1B961FEE-694C-44CA-AD68-5437CDD2EE8B} = {09E95D32-C3D6-4CB2-B233-42F931747FF7}
		{D5FA36D0-1C6B-407C-B8DF-D3BAAE6A3395} = {09E95D32-C3D6-4CB2-B233-42F931747FF7}
		{A2B60C8F-CCDD-471D-9E3F-D2899689A2AB} = {09E95D32-C3D6-4CB2-B233-42F931747FF7}
		{3CEFE8E4-3273-4239-820C-53E599AEA0FD} = {09E95D32-C3D6-4CB2-B233-42F931747FF7}
	EndGlobalSection
	GlobalSection(ExtensibilityGlobals) = postSolution
		SolutionGuid = {19770C1F-F6D6-48F5-8F96-2956A480D8CF}
	EndGlobalSection
	GlobalSection(MonoDevelopProperties) = preSolution
		Policies = $0
		$0.DotNetNamingPolicy = $1
		$1.DirectoryNamespaceAssociation = PrefixedHierarchical
		$0.TextStylePolicy = $3
		$0.VersionControlPolicy = $4
	EndGlobalSection
EndGlobal
