Microsoft Visual Studio Solution File, Format Version 12.00
# Visual Studio Version 16
VisualStudioVersion = 16.0.28803.202
MinimumVisualStudioVersion = 10.0.40219.1
Project("{2150E333-8FDC-42A3-9474-1A3956D46DE8}") = "apps", "apps", "{09E95D32-C3D6-4CB2-B233-42F931747FF7}"
EndProject
Project("{9A19103F-16F7-4668-BE54-9A1E7A4F7556}") = "ActionFramework", "ActionFramework\ActionFramework.csproj", "{5D1DB761-127A-40BD-ABB9-2FD1188AEA40}"
EndProject
Project("{9A19103F-16F7-4668-BE54-9A1E7A4F7556}") = "ActionFramework.Helpers.Data", "ActionFramework.Helpers.Data\ActionFramework.Helpers.Data.csproj", "{B371819B-E5B4-4626-9CEC-B4A686CE29BC}"
EndProject
Project("{9A19103F-16F7-4668-BE54-9A1E7A4F7556}") = "ActionFramework.Helpers.Messaging", "ActionFramework.Helpers.Messaging\ActionFramework.Helpers.Messaging.csproj", "{7D2F98CE-E4C2-4F16-AAE3-4CDD8EA4147C}"
EndProject
Project("{FAE04EC0-301F-11D3-BF4B-00C04F79EFBC}") = "ActionFramework.Agent", "ActionFramework.Agent\ActionFramework.Agent.csproj", "{2A12D537-6979-48BE-9797-6AA95CDFFFC9}"
EndProject
Project("{2150E333-8FDC-42A3-9474-1A3956D46DE8}") = "libs", "libs", "{E9C90E70-E88A-4329-8F76-F262B6BC60A7}"
EndProject
Project("{FAE04EC0-301F-11D3-BF4B-00C04F79EFBC}") = "Netmore", "..\llt.sense\LLT.Sense.Apps\Netmore\Netmore.csproj", "{DCB6B29C-A941-4685-8AB4-287FC327EF5B}"
EndProject
Project("{FAE04EC0-301F-11D3-BF4B-00C04F79EFBC}") = "Talkpool", "..\llt.sense\LLT.Sense.Apps\Talkpool\Talkpool.csproj", "{C860458C-4F9E-42C4-89C2-CA33E1B988CF}"
EndProject
Project("{FAE04EC0-301F-11D3-BF4B-00C04F79EFBC}") = "IPOnly", "..\llt.sense\LLT.Sense.Apps\IPOnly\IPOnly.csproj", "{A3D2CBC6-0D14-44E9-81A3-761E8A7C5F76}"
EndProject
Project("{FAE04EC0-301F-11D3-BF4B-00C04F79EFBC}") = "Search", "..\llt.sense\LLT.Sense.Apps\Search\Search.csproj", "{E8BAA116-178F-4D4B-9CAD-4EFC096E37BB}"
EndProject
Project("{FAE04EC0-301F-11D3-BF4B-00C04F79EFBC}") = "LLT.Sense.Decoder", "..\llt.sense\LLT.Sense.Decoder\LLT.Sense.Decoder.csproj", "{334A8AD6-90F2-4772-904B-C3C4D86DE5E1}"
EndProject
Global
	GlobalSection(SolutionConfigurationPlatforms) = preSolution
		Debug|Any CPU = Debug|Any CPU
		Debug|x64 = Debug|x64
		Debug|x86 = Debug|x86
		Release|Any CPU = Release|Any CPU
		Release|x64 = Release|x64
		Release|x86 = Release|x86
		Test|Any CPU = Test|Any CPU
		Test|x64 = Test|x64
		Test|x86 = Test|x86
	EndGlobalSection
	GlobalSection(ProjectConfigurationPlatforms) = postSolution
		{5D1DB761-127A-40BD-ABB9-2FD1188AEA40}.Debug|Any CPU.ActiveCfg = Debug|Any CPU
		{5D1DB761-127A-40BD-ABB9-2FD1188AEA40}.Debug|Any CPU.Build.0 = Debug|Any CPU
		{5D1DB761-127A-40BD-ABB9-2FD1188AEA40}.Debug|x64.ActiveCfg = Debug|x64
		{5D1DB761-127A-40BD-ABB9-2FD1188AEA40}.Debug|x64.Build.0 = Debug|x64
		{5D1DB761-127A-40BD-ABB9-2FD1188AEA40}.Debug|x86.ActiveCfg = Debug|x86
		{5D1DB761-127A-40BD-ABB9-2FD1188AEA40}.Debug|x86.Build.0 = Debug|x86
		{5D1DB761-127A-40BD-ABB9-2FD1188AEA40}.Release|Any CPU.ActiveCfg = Release|Any CPU
		{5D1DB761-127A-40BD-ABB9-2FD1188AEA40}.Release|Any CPU.Build.0 = Release|Any CPU
		{5D1DB761-127A-40BD-ABB9-2FD1188AEA40}.Release|x64.ActiveCfg = Release|x64
		{5D1DB761-127A-40BD-ABB9-2FD1188AEA40}.Release|x64.Build.0 = Release|x64
		{5D1DB761-127A-40BD-ABB9-2FD1188AEA40}.Release|x86.ActiveCfg = Release|x86
		{5D1DB761-127A-40BD-ABB9-2FD1188AEA40}.Release|x86.Build.0 = Release|x86
		{5D1DB761-127A-40BD-ABB9-2FD1188AEA40}.Test|Any CPU.ActiveCfg = Debug|Any CPU
		{5D1DB761-127A-40BD-ABB9-2FD1188AEA40}.Test|Any CPU.Build.0 = Debug|Any CPU
		{5D1DB761-127A-40BD-ABB9-2FD1188AEA40}.Test|x64.ActiveCfg = Release|x64
		{5D1DB761-127A-40BD-ABB9-2FD1188AEA40}.Test|x64.Build.0 = Release|x64
		{5D1DB761-127A-40BD-ABB9-2FD1188AEA40}.Test|x86.ActiveCfg = Release|x86
		{5D1DB761-127A-40BD-ABB9-2FD1188AEA40}.Test|x86.Build.0 = Release|x86
		{B371819B-E5B4-4626-9CEC-B4A686CE29BC}.Debug|Any CPU.ActiveCfg = Debug|Any CPU
		{B371819B-E5B4-4626-9CEC-B4A686CE29BC}.Debug|Any CPU.Build.0 = Debug|Any CPU
		{B371819B-E5B4-4626-9CEC-B4A686CE29BC}.Debug|x64.ActiveCfg = Debug|Any CPU
		{B371819B-E5B4-4626-9CEC-B4A686CE29BC}.Debug|x64.Build.0 = Debug|Any CPU
		{B371819B-E5B4-4626-9CEC-B4A686CE29BC}.Debug|x86.ActiveCfg = Debug|Any CPU
		{B371819B-E5B4-4626-9CEC-B4A686CE29BC}.Debug|x86.Build.0 = Debug|Any CPU
		{B371819B-E5B4-4626-9CEC-B4A686CE29BC}.Release|Any CPU.ActiveCfg = Release|Any CPU
		{B371819B-E5B4-4626-9CEC-B4A686CE29BC}.Release|Any CPU.Build.0 = Release|Any CPU
		{B371819B-E5B4-4626-9CEC-B4A686CE29BC}.Release|x64.ActiveCfg = Release|Any CPU
		{B371819B-E5B4-4626-9CEC-B4A686CE29BC}.Release|x64.Build.0 = Release|Any CPU
		{B371819B-E5B4-4626-9CEC-B4A686CE29BC}.Release|x86.ActiveCfg = Release|Any CPU
		{B371819B-E5B4-4626-9CEC-B4A686CE29BC}.Release|x86.Build.0 = Release|Any CPU
		{B371819B-E5B4-4626-9CEC-B4A686CE29BC}.Test|Any CPU.ActiveCfg = Debug|Any CPU
		{B371819B-E5B4-4626-9CEC-B4A686CE29BC}.Test|Any CPU.Build.0 = Debug|Any CPU
		{B371819B-E5B4-4626-9CEC-B4A686CE29BC}.Test|x64.ActiveCfg = Release|Any CPU
		{B371819B-E5B4-4626-9CEC-B4A686CE29BC}.Test|x64.Build.0 = Release|Any CPU
		{B371819B-E5B4-4626-9CEC-B4A686CE29BC}.Test|x86.ActiveCfg = Release|Any CPU
		{B371819B-E5B4-4626-9CEC-B4A686CE29BC}.Test|x86.Build.0 = Release|Any CPU
		{7D2F98CE-E4C2-4F16-AAE3-4CDD8EA4147C}.Debug|Any CPU.ActiveCfg = Debug|Any CPU
		{7D2F98CE-E4C2-4F16-AAE3-4CDD8EA4147C}.Debug|Any CPU.Build.0 = Debug|Any CPU
		{7D2F98CE-E4C2-4F16-AAE3-4CDD8EA4147C}.Debug|x64.ActiveCfg = Debug|Any CPU
		{7D2F98CE-E4C2-4F16-AAE3-4CDD8EA4147C}.Debug|x64.Build.0 = Debug|Any CPU
		{7D2F98CE-E4C2-4F16-AAE3-4CDD8EA4147C}.Debug|x86.ActiveCfg = Debug|Any CPU
		{7D2F98CE-E4C2-4F16-AAE3-4CDD8EA4147C}.Debug|x86.Build.0 = Debug|Any CPU
		{7D2F98CE-E4C2-4F16-AAE3-4CDD8EA4147C}.Release|Any CPU.ActiveCfg = Release|Any CPU
		{7D2F98CE-E4C2-4F16-AAE3-4CDD8EA4147C}.Release|Any CPU.Build.0 = Release|Any CPU
		{7D2F98CE-E4C2-4F16-AAE3-4CDD8EA4147C}.Release|x64.ActiveCfg = Release|Any CPU
		{7D2F98CE-E4C2-4F16-AAE3-4CDD8EA4147C}.Release|x64.Build.0 = Release|Any CPU
		{7D2F98CE-E4C2-4F16-AAE3-4CDD8EA4147C}.Release|x86.ActiveCfg = Release|Any CPU
		{7D2F98CE-E4C2-4F16-AAE3-4CDD8EA4147C}.Release|x86.Build.0 = Release|Any CPU
		{7D2F98CE-E4C2-4F16-AAE3-4CDD8EA4147C}.Test|Any CPU.ActiveCfg = Debug|Any CPU
		{7D2F98CE-E4C2-4F16-AAE3-4CDD8EA4147C}.Test|Any CPU.Build.0 = Debug|Any CPU
		{7D2F98CE-E4C2-4F16-AAE3-4CDD8EA4147C}.Test|x64.ActiveCfg = Release|Any CPU
		{7D2F98CE-E4C2-4F16-AAE3-4CDD8EA4147C}.Test|x64.Build.0 = Release|Any CPU
		{7D2F98CE-E4C2-4F16-AAE3-4CDD8EA4147C}.Test|x86.ActiveCfg = Release|Any CPU
		{7D2F98CE-E4C2-4F16-AAE3-4CDD8EA4147C}.Test|x86.Build.0 = Release|Any CPU
		{2A12D537-6979-48BE-9797-6AA95CDFFFC9}.Debug|Any CPU.ActiveCfg = Debug|Any CPU
		{2A12D537-6979-48BE-9797-6AA95CDFFFC9}.Debug|Any CPU.Build.0 = Debug|Any CPU
		{2A12D537-6979-48BE-9797-6AA95CDFFFC9}.Debug|x64.ActiveCfg = Debug|Any CPU
		{2A12D537-6979-48BE-9797-6AA95CDFFFC9}.Debug|x64.Build.0 = Debug|Any CPU
		{2A12D537-6979-48BE-9797-6AA95CDFFFC9}.Debug|x86.ActiveCfg = Debug|Any CPU
		{2A12D537-6979-48BE-9797-6AA95CDFFFC9}.Debug|x86.Build.0 = Debug|Any CPU
		{2A12D537-6979-48BE-9797-6AA95CDFFFC9}.Release|Any CPU.ActiveCfg = Release|Any CPU
		{2A12D537-6979-48BE-9797-6AA95CDFFFC9}.Release|Any CPU.Build.0 = Release|Any CPU
		{2A12D537-6979-48BE-9797-6AA95CDFFFC9}.Release|x64.ActiveCfg = Release|Any CPU
		{2A12D537-6979-48BE-9797-6AA95CDFFFC9}.Release|x64.Build.0 = Release|Any CPU
		{2A12D537-6979-48BE-9797-6AA95CDFFFC9}.Release|x86.ActiveCfg = Release|Any CPU
		{2A12D537-6979-48BE-9797-6AA95CDFFFC9}.Release|x86.Build.0 = Release|Any CPU
		{2A12D537-6979-48BE-9797-6AA95CDFFFC9}.Test|Any CPU.ActiveCfg = Debug|Any CPU
		{2A12D537-6979-48BE-9797-6AA95CDFFFC9}.Test|Any CPU.Build.0 = Debug|Any CPU
		{2A12D537-6979-48BE-9797-6AA95CDFFFC9}.Test|x64.ActiveCfg = Debug|Any CPU
		{2A12D537-6979-48BE-9797-6AA95CDFFFC9}.Test|x64.Build.0 = Debug|Any CPU
		{2A12D537-6979-48BE-9797-6AA95CDFFFC9}.Test|x86.ActiveCfg = Debug|Any CPU
		{2A12D537-6979-48BE-9797-6AA95CDFFFC9}.Test|x86.Build.0 = Debug|Any CPU
		{DCB6B29C-A941-4685-8AB4-287FC327EF5B}.Debug|Any CPU.ActiveCfg = Debug|Any CPU
		{DCB6B29C-A941-4685-8AB4-287FC327EF5B}.Debug|Any CPU.Build.0 = Debug|Any CPU
		{DCB6B29C-A941-4685-8AB4-287FC327EF5B}.Debug|x64.ActiveCfg = Debug|Any CPU
		{DCB6B29C-A941-4685-8AB4-287FC327EF5B}.Debug|x64.Build.0 = Debug|Any CPU
		{DCB6B29C-A941-4685-8AB4-287FC327EF5B}.Debug|x86.ActiveCfg = Debug|Any CPU
		{DCB6B29C-A941-4685-8AB4-287FC327EF5B}.Debug|x86.Build.0 = Debug|Any CPU
		{DCB6B29C-A941-4685-8AB4-287FC327EF5B}.Release|Any CPU.ActiveCfg = Release|Any CPU
		{DCB6B29C-A941-4685-8AB4-287FC327EF5B}.Release|Any CPU.Build.0 = Release|Any CPU
		{DCB6B29C-A941-4685-8AB4-287FC327EF5B}.Release|x64.ActiveCfg = Release|Any CPU
		{DCB6B29C-A941-4685-8AB4-287FC327EF5B}.Release|x64.Build.0 = Release|Any CPU
		{DCB6B29C-A941-4685-8AB4-287FC327EF5B}.Release|x86.ActiveCfg = Release|Any CPU
		{DCB6B29C-A941-4685-8AB4-287FC327EF5B}.Release|x86.Build.0 = Release|Any CPU
		{DCB6B29C-A941-4685-8AB4-287FC327EF5B}.Test|Any CPU.ActiveCfg = Debug|Any CPU
		{DCB6B29C-A941-4685-8AB4-287FC327EF5B}.Test|Any CPU.Build.0 = Debug|Any CPU
		{DCB6B29C-A941-4685-8AB4-287FC327EF5B}.Test|x64.ActiveCfg = Debug|Any CPU
		{DCB6B29C-A941-4685-8AB4-287FC327EF5B}.Test|x64.Build.0 = Debug|Any CPU
		{DCB6B29C-A941-4685-8AB4-287FC327EF5B}.Test|x86.ActiveCfg = Debug|Any CPU
		{DCB6B29C-A941-4685-8AB4-287FC327EF5B}.Test|x86.Build.0 = Debug|Any CPU
		{C860458C-4F9E-42C4-89C2-CA33E1B988CF}.Debug|Any CPU.ActiveCfg = Debug|Any CPU
		{C860458C-4F9E-42C4-89C2-CA33E1B988CF}.Debug|Any CPU.Build.0 = Debug|Any CPU
		{C860458C-4F9E-42C4-89C2-CA33E1B988CF}.Debug|x64.ActiveCfg = Debug|Any CPU
		{C860458C-4F9E-42C4-89C2-CA33E1B988CF}.Debug|x64.Build.0 = Debug|Any CPU
		{C860458C-4F9E-42C4-89C2-CA33E1B988CF}.Debug|x86.ActiveCfg = Debug|Any CPU
		{C860458C-4F9E-42C4-89C2-CA33E1B988CF}.Debug|x86.Build.0 = Debug|Any CPU
		{C860458C-4F9E-42C4-89C2-CA33E1B988CF}.Release|Any CPU.ActiveCfg = Release|Any CPU
		{C860458C-4F9E-42C4-89C2-CA33E1B988CF}.Release|Any CPU.Build.0 = Release|Any CPU
		{C860458C-4F9E-42C4-89C2-CA33E1B988CF}.Release|x64.ActiveCfg = Release|Any CPU
		{C860458C-4F9E-42C4-89C2-CA33E1B988CF}.Release|x64.Build.0 = Release|Any CPU
		{C860458C-4F9E-42C4-89C2-CA33E1B988CF}.Release|x86.ActiveCfg = Release|Any CPU
		{C860458C-4F9E-42C4-89C2-CA33E1B988CF}.Release|x86.Build.0 = Release|Any CPU
		{C860458C-4F9E-42C4-89C2-CA33E1B988CF}.Test|Any CPU.ActiveCfg = Debug|Any CPU
		{C860458C-4F9E-42C4-89C2-CA33E1B988CF}.Test|Any CPU.Build.0 = Debug|Any CPU
		{C860458C-4F9E-42C4-89C2-CA33E1B988CF}.Test|x64.ActiveCfg = Debug|Any CPU
		{C860458C-4F9E-42C4-89C2-CA33E1B988CF}.Test|x64.Build.0 = Debug|Any CPU
		{C860458C-4F9E-42C4-89C2-CA33E1B988CF}.Test|x86.ActiveCfg = Debug|Any CPU
		{C860458C-4F9E-42C4-89C2-CA33E1B988CF}.Test|x86.Build.0 = Debug|Any CPU
		{A3D2CBC6-0D14-44E9-81A3-761E8A7C5F76}.Debug|Any CPU.ActiveCfg = Debug|Any CPU
		{A3D2CBC6-0D14-44E9-81A3-761E8A7C5F76}.Debug|Any CPU.Build.0 = Debug|Any CPU
		{A3D2CBC6-0D14-44E9-81A3-761E8A7C5F76}.Debug|x64.ActiveCfg = Debug|Any CPU
		{A3D2CBC6-0D14-44E9-81A3-761E8A7C5F76}.Debug|x64.Build.0 = Debug|Any CPU
		{A3D2CBC6-0D14-44E9-81A3-761E8A7C5F76}.Debug|x86.ActiveCfg = Debug|Any CPU
		{A3D2CBC6-0D14-44E9-81A3-761E8A7C5F76}.Debug|x86.Build.0 = Debug|Any CPU
		{A3D2CBC6-0D14-44E9-81A3-761E8A7C5F76}.Release|Any CPU.ActiveCfg = Release|Any CPU
		{A3D2CBC6-0D14-44E9-81A3-761E8A7C5F76}.Release|Any CPU.Build.0 = Release|Any CPU
		{A3D2CBC6-0D14-44E9-81A3-761E8A7C5F76}.Release|x64.ActiveCfg = Release|Any CPU
		{A3D2CBC6-0D14-44E9-81A3-761E8A7C5F76}.Release|x64.Build.0 = Release|Any CPU
		{A3D2CBC6-0D14-44E9-81A3-761E8A7C5F76}.Release|x86.ActiveCfg = Release|Any CPU
		{A3D2CBC6-0D14-44E9-81A3-761E8A7C5F76}.Release|x86.Build.0 = Release|Any CPU
		{A3D2CBC6-0D14-44E9-81A3-761E8A7C5F76}.Test|Any CPU.ActiveCfg = Debug|Any CPU
		{A3D2CBC6-0D14-44E9-81A3-761E8A7C5F76}.Test|Any CPU.Build.0 = Debug|Any CPU
		{A3D2CBC6-0D14-44E9-81A3-761E8A7C5F76}.Test|x64.ActiveCfg = Debug|Any CPU
		{A3D2CBC6-0D14-44E9-81A3-761E8A7C5F76}.Test|x64.Build.0 = Debug|Any CPU
		{A3D2CBC6-0D14-44E9-81A3-761E8A7C5F76}.Test|x86.ActiveCfg = Debug|Any CPU
		{A3D2CBC6-0D14-44E9-81A3-761E8A7C5F76}.Test|x86.Build.0 = Debug|Any CPU
		{E8BAA116-178F-4D4B-9CAD-4EFC096E37BB}.Debug|Any CPU.ActiveCfg = Debug|Any CPU
		{E8BAA116-178F-4D4B-9CAD-4EFC096E37BB}.Debug|Any CPU.Build.0 = Debug|Any CPU
		{E8BAA116-178F-4D4B-9CAD-4EFC096E37BB}.Debug|x64.ActiveCfg = Debug|Any CPU
		{E8BAA116-178F-4D4B-9CAD-4EFC096E37BB}.Debug|x64.Build.0 = Debug|Any CPU
		{E8BAA116-178F-4D4B-9CAD-4EFC096E37BB}.Debug|x86.ActiveCfg = Debug|Any CPU
		{E8BAA116-178F-4D4B-9CAD-4EFC096E37BB}.Debug|x86.Build.0 = Debug|Any CPU
		{E8BAA116-178F-4D4B-9CAD-4EFC096E37BB}.Release|Any CPU.ActiveCfg = Release|Any CPU
		{E8BAA116-178F-4D4B-9CAD-4EFC096E37BB}.Release|Any CPU.Build.0 = Release|Any CPU
		{E8BAA116-178F-4D4B-9CAD-4EFC096E37BB}.Release|x64.ActiveCfg = Release|Any CPU
		{E8BAA116-178F-4D4B-9CAD-4EFC096E37BB}.Release|x64.Build.0 = Release|Any CPU
		{E8BAA116-178F-4D4B-9CAD-4EFC096E37BB}.Release|x86.ActiveCfg = Release|Any CPU
		{E8BAA116-178F-4D4B-9CAD-4EFC096E37BB}.Release|x86.Build.0 = Release|Any CPU
		{E8BAA116-178F-4D4B-9CAD-4EFC096E37BB}.Test|Any CPU.ActiveCfg = Debug|Any CPU
		{E8BAA116-178F-4D4B-9CAD-4EFC096E37BB}.Test|Any CPU.Build.0 = Debug|Any CPU
		{E8BAA116-178F-4D4B-9CAD-4EFC096E37BB}.Test|x64.ActiveCfg = Debug|Any CPU
		{E8BAA116-178F-4D4B-9CAD-4EFC096E37BB}.Test|x64.Build.0 = Debug|Any CPU
		{E8BAA116-178F-4D4B-9CAD-4EFC096E37BB}.Test|x86.ActiveCfg = Debug|Any CPU
		{E8BAA116-178F-4D4B-9CAD-4EFC096E37BB}.Test|x86.Build.0 = Debug|Any CPU
		{334A8AD6-90F2-4772-904B-C3C4D86DE5E1}.Debug|Any CPU.ActiveCfg = Debug|Any CPU
		{334A8AD6-90F2-4772-904B-C3C4D86DE5E1}.Debug|Any CPU.Build.0 = Debug|Any CPU
		{334A8AD6-90F2-4772-904B-C3C4D86DE5E1}.Debug|x64.ActiveCfg = Debug|Any CPU
		{334A8AD6-90F2-4772-904B-C3C4D86DE5E1}.Debug|x64.Build.0 = Debug|Any CPU
		{334A8AD6-90F2-4772-904B-C3C4D86DE5E1}.Debug|x86.ActiveCfg = Debug|Any CPU
		{334A8AD6-90F2-4772-904B-C3C4D86DE5E1}.Debug|x86.Build.0 = Debug|Any CPU
		{334A8AD6-90F2-4772-904B-C3C4D86DE5E1}.Release|Any CPU.ActiveCfg = Release|Any CPU
		{334A8AD6-90F2-4772-904B-C3C4D86DE5E1}.Release|Any CPU.Build.0 = Release|Any CPU
		{334A8AD6-90F2-4772-904B-C3C4D86DE5E1}.Release|x64.ActiveCfg = Release|Any CPU
		{334A8AD6-90F2-4772-904B-C3C4D86DE5E1}.Release|x64.Build.0 = Release|Any CPU
		{334A8AD6-90F2-4772-904B-C3C4D86DE5E1}.Release|x86.ActiveCfg = Release|Any CPU
		{334A8AD6-90F2-4772-904B-C3C4D86DE5E1}.Release|x86.Build.0 = Release|Any CPU
		{334A8AD6-90F2-4772-904B-C3C4D86DE5E1}.Test|Any CPU.ActiveCfg = Debug|Any CPU
		{334A8AD6-90F2-4772-904B-C3C4D86DE5E1}.Test|Any CPU.Build.0 = Debug|Any CPU
		{334A8AD6-90F2-4772-904B-C3C4D86DE5E1}.Test|x64.ActiveCfg = Debug|Any CPU
		{334A8AD6-90F2-4772-904B-C3C4D86DE5E1}.Test|x64.Build.0 = Debug|Any CPU
		{334A8AD6-90F2-4772-904B-C3C4D86DE5E1}.Test|x86.ActiveCfg = Debug|Any CPU
		{334A8AD6-90F2-4772-904B-C3C4D86DE5E1}.Test|x86.Build.0 = Debug|Any CPU
	EndGlobalSection
	GlobalSection(SolutionProperties) = preSolution
		HideSolutionNode = FALSE
	EndGlobalSection
	GlobalSection(NestedProjects) = preSolution
		{DCB6B29C-A941-4685-8AB4-287FC327EF5B} = {09E95D32-C3D6-4CB2-B233-42F931747FF7}
		{C860458C-4F9E-42C4-89C2-CA33E1B988CF} = {09E95D32-C3D6-4CB2-B233-42F931747FF7}
		{A3D2CBC6-0D14-44E9-81A3-761E8A7C5F76} = {09E95D32-C3D6-4CB2-B233-42F931747FF7}
		{E8BAA116-178F-4D4B-9CAD-4EFC096E37BB} = {09E95D32-C3D6-4CB2-B233-42F931747FF7}
		{334A8AD6-90F2-4772-904B-C3C4D86DE5E1} = {E9C90E70-E88A-4329-8F76-F262B6BC60A7}
	EndGlobalSection
	GlobalSection(ExtensibilityGlobals) = postSolution
		SolutionGuid = {19770C1F-F6D6-48F5-8F96-2956A480D8CF}
	EndGlobalSection
	GlobalSection(MonoDevelopProperties) = preSolution
		Policies = $0
		$0.DotNetNamingPolicy = $1
		$1.DirectoryNamespaceAssociation = PrefixedHierarchical
		$0.TextStylePolicy = $3
	EndGlobalSection
EndGlobal
